
Microsoft Visual Studio Solution File, Format Version 12.00
# Visual Studio Version 17
VisualStudioVersion = 17.11.35219.272
MinimumVisualStudioVersion = 10.0.40219.1
Project("{FAE04EC0-301F-11D3-BF4B-00C04F79EFBC}") = "PBL", "PBL\PBL.csproj", "{6B17E416-B6E0-41C7-A5ED-89E3F9A99D0B}"
EndProject
Global
	GlobalSection(SolutionConfigurationPlatforms) = preSolution
		Debug|Any CPU = Debug|Any CPU
		Release|Any CPU = Release|Any CPU
	EndGlobalSection
	GlobalSection(ProjectConfigurationPlatforms) = postSolution
		{6B17E416-B6E0-41C7-A5ED-89E3F9A99D0B}.Debug|Any CPU.ActiveCfg = Debug|Any CPU
		{6B17E416-B6E0-41C7-A5ED-89E3F9A99D0B}.Debug|Any CPU.Build.0 = Debug|Any CPU
		{6B17E416-B6E0-41C7-A5ED-89E3F9A99D0B}.Release|Any CPU.ActiveCfg = Release|Any CPU
		{6B17E416-B6E0-41C7-A5ED-89E3F9A99D0B}.Release|Any CPU.Build.0 = Release|Any CPU
	EndGlobalSection
	GlobalSection(SolutionProperties) = preSolution
		HideSolutionNode = FALSE
	EndGlobalSection
	GlobalSection(ExtensibilityGlobals) = postSolution
		SolutionGuid = {C56A0042-0FCF-442C-890A-D7EEB305B8C3}
	EndGlobalSection
EndGlobal
